# THIS IS AN AUTOGENERATED FILE. DO NOT EDIT THIS FILE DIRECTLY.
# yarn lockfile v1


"@emnapi/runtime@^1.4.3":
  version "1.4.4"
  resolved "https://registry.npmjs.org/@emnapi/runtime/-/runtime-1.4.4.tgz#19a8f00719c51124e2d0fbf4aaad3fa7b0c92524"
  integrity sha512-hHyapA4A3gPaDCNfiqyZUStTMqIkKRshqPIuDOXv1hcBnD4U3l8cP0T1HMCfGRxQ6V64TGCcoswChANyOAwbQg==
  dependencies:
    tslib "^2.4.0"

"@img/sharp-darwin-arm64@0.34.2":
  version "0.34.2"
  resolved "https://registry.npmjs.org/@img/sharp-darwin-arm64/-/sharp-darwin-arm64-0.34.2.tgz#65049ef7c6be7857da742cd028f97602ce209635"
  integrity sha512-OfXHZPppddivUJnqyKoi5YVeHRkkNE2zUFT2gbpKxp/JZCFYEYubnMg+gOp6lWfasPrTS+KPosKqdI+ELYVDtg==
  optionalDependencies:
    "@img/sharp-libvips-darwin-arm64" "1.1.0"

"@img/sharp-darwin-x64@0.34.2":
  version "0.34.2"
  resolved "https://registry.npmjs.org/@img/sharp-darwin-x64/-/sharp-darwin-x64-0.34.2.tgz#d37ff7c75c46d5a68a3756e3f1924ef7ca7b285e"
  integrity sha512-dYvWqmjU9VxqXmjEtjmvHnGqF8GrVjM2Epj9rJ6BUIXvk8slvNDJbhGFvIoXzkDhrJC2jUxNLz/GUjjvSzfw+g==
  optionalDependencies:
    "@img/sharp-libvips-darwin-x64" "1.1.0"

"@img/sharp-libvips-darwin-arm64@1.1.0":
  version "1.1.0"
  resolved "https://registry.npmjs.org/@img/sharp-libvips-darwin-arm64/-/sharp-libvips-darwin-arm64-1.1.0.tgz#843f7c09c7245dc0d3cfec2b3c83bb08799a704f"
  integrity sha512-HZ/JUmPwrJSoM4DIQPv/BfNh9yrOA8tlBbqbLz4JZ5uew2+o22Ik+tHQJcih7QJuSa0zo5coHTfD5J8inqj9DA==

"@img/sharp-libvips-darwin-x64@1.1.0":
  version "1.1.0"
  resolved "https://registry.npmjs.org/@img/sharp-libvips-darwin-x64/-/sharp-libvips-darwin-x64-1.1.0.tgz#1239c24426c06a8e833815562f78047a3bfbaaf8"
  integrity sha512-Xzc2ToEmHN+hfvsl9wja0RlnXEgpKNmftriQp6XzY/RaSfwD9th+MSh0WQKzUreLKKINb3afirxW7A0fz2YWuQ==

"@img/sharp-libvips-linux-arm64@1.1.0":
  version "1.1.0"
  resolved "https://registry.npmjs.org/@img/sharp-libvips-linux-arm64/-/sharp-libvips-linux-arm64-1.1.0.tgz#20d276cefd903ee483f0441ba35961679c286315"
  integrity sha512-IVfGJa7gjChDET1dK9SekxFFdflarnUB8PwW8aGwEoF3oAsSDuNUTYS+SKDOyOJxQyDC1aPFMuRYLoDInyV9Ew==

"@img/sharp-libvips-linux-arm@1.1.0":
  version "1.1.0"
  resolved "https://registry.npmjs.org/@img/sharp-libvips-linux-arm/-/sharp-libvips-linux-arm-1.1.0.tgz#067c0b566eae8063738cf1b1db8f8a8573b5465c"
  integrity sha512-s8BAd0lwUIvYCJyRdFqvsj+BJIpDBSxs6ivrOPm/R7piTs5UIwY5OjXrP2bqXC9/moGsyRa37eYWYCOGVXxVrA==

"@img/sharp-libvips-linux-ppc64@1.1.0":
  version "1.1.0"
  resolved "https://registry.npmjs.org/@img/sharp-libvips-linux-ppc64/-/sharp-libvips-linux-ppc64-1.1.0.tgz#682334595f2ca00e0a07a675ba170af165162802"
  integrity sha512-tiXxFZFbhnkWE2LA8oQj7KYR+bWBkiV2nilRldT7bqoEZ4HiDOcePr9wVDAZPi/Id5fT1oY9iGnDq20cwUz8lQ==

"@img/sharp-libvips-linux-s390x@1.1.0":
  version "1.1.0"
  resolved "https://registry.npmjs.org/@img/sharp-libvips-linux-s390x/-/sharp-libvips-linux-s390x-1.1.0.tgz#82fcd68444b3666384235279c145c2b28d8ee302"
  integrity sha512-xukSwvhguw7COyzvmjydRb3x/09+21HykyapcZchiCUkTThEQEOMtBj9UhkaBRLuBrgLFzQ2wbxdeCCJW/jgJA==

"@img/sharp-libvips-linux-x64@1.1.0":
  version "1.1.0"
  resolved "https://registry.npmjs.org/@img/sharp-libvips-linux-x64/-/sharp-libvips-linux-x64-1.1.0.tgz#65b2b908bf47156b0724fde9095676c83a18cf5a"
  integrity sha512-yRj2+reB8iMg9W5sULM3S74jVS7zqSzHG3Ol/twnAAkAhnGQnpjj6e4ayUz7V+FpKypwgs82xbRdYtchTTUB+Q==

"@img/sharp-libvips-linuxmusl-arm64@1.1.0":
  version "1.1.0"
  resolved "https://registry.npmjs.org/@img/sharp-libvips-linuxmusl-arm64/-/sharp-libvips-linuxmusl-arm64-1.1.0.tgz#72accf924e80b081c8db83b900b444a67c203f01"
  integrity sha512-jYZdG+whg0MDK+q2COKbYidaqW/WTz0cc1E+tMAusiDygrM4ypmSCjOJPmFTvHHJ8j/6cAGyeDWZOsK06tP33w==

"@img/sharp-libvips-linuxmusl-x64@1.1.0":
  version "1.1.0"
  resolved "https://registry.npmjs.org/@img/sharp-libvips-linuxmusl-x64/-/sharp-libvips-linuxmusl-x64-1.1.0.tgz#1fa052737e203f46bf44192acd01f9faf11522d7"
  integrity sha512-wK7SBdwrAiycjXdkPnGCPLjYb9lD4l6Ze2gSdAGVZrEL05AOUJESWU2lhlC+Ffn5/G+VKuSm6zzbQSzFX/P65A==

"@img/sharp-linux-arm64@0.34.2":
  version "0.34.2"
  resolved "https://registry.npmjs.org/@img/sharp-linux-arm64/-/sharp-linux-arm64-0.34.2.tgz#c9690fac5f3137eaab3f7ad6065390d10f66f1fa"
  integrity sha512-D8n8wgWmPDakc83LORcfJepdOSN6MvWNzzz2ux0MnIbOqdieRZwVYY32zxVx+IFUT8er5KPcyU3XXsn+GzG/0Q==
  optionalDependencies:
    "@img/sharp-libvips-linux-arm64" "1.1.0"

"@img/sharp-linux-arm@0.34.2":
  version "0.34.2"
  resolved "https://registry.npmjs.org/@img/sharp-linux-arm/-/sharp-linux-arm-0.34.2.tgz#771dd2ec645f85f98441359bfc118afaf38cbd8b"
  integrity sha512-0DZzkvuEOqQUP9mo2kjjKNok5AmnOr1jB2XYjkaoNRwpAYMDzRmAqUIa1nRi58S2WswqSfPOWLNOr0FDT3H5RQ==
  optionalDependencies:
    "@img/sharp-libvips-linux-arm" "1.1.0"

"@img/sharp-linux-s390x@0.34.2":
  version "0.34.2"
  resolved "https://registry.npmjs.org/@img/sharp-linux-s390x/-/sharp-linux-s390x-0.34.2.tgz#82132d158abff57bd90b53574f2865f72f94e6c8"
  integrity sha512-EGZ1xwhBI7dNISwxjChqBGELCWMGDvmxZXKjQRuqMrakhO8QoMgqCrdjnAqJq/CScxfRn+Bb7suXBElKQpPDiw==
  optionalDependencies:
    "@img/sharp-libvips-linux-s390x" "1.1.0"

"@img/sharp-linux-x64@0.34.2":
  version "0.34.2"
  resolved "https://registry.npmjs.org/@img/sharp-linux-x64/-/sharp-linux-x64-0.34.2.tgz#d815fb87899d462b28b62a9252ad127f02fe0740"
  integrity sha512-sD7J+h5nFLMMmOXYH4DD9UtSNBD05tWSSdWAcEyzqW8Cn5UxXvsHAxmxSesYUsTOBmUnjtxghKDl15EvfqLFbQ==
  optionalDependencies:
    "@img/sharp-libvips-linux-x64" "1.1.0"

"@img/sharp-linuxmusl-arm64@0.34.2":
  version "0.34.2"
  resolved "https://registry.npmjs.org/@img/sharp-linuxmusl-arm64/-/sharp-linuxmusl-arm64-0.34.2.tgz#cfac45b2abbc04628f676e123bfe3aeb300266c7"
  integrity sha512-NEE2vQ6wcxYav1/A22OOxoSOGiKnNmDzCYFOZ949xFmrWZOVII1Bp3NqVVpvj+3UeHMFyN5eP/V5hzViQ5CZNA==
  optionalDependencies:
    "@img/sharp-libvips-linuxmusl-arm64" "1.1.0"

"@img/sharp-linuxmusl-x64@0.34.2":
  version "0.34.2"
  resolved "https://registry.npmjs.org/@img/sharp-linuxmusl-x64/-/sharp-linuxmusl-x64-0.34.2.tgz#b876c23ff51d0fb6d9f3b0a07e2f4d1436c203ad"
  integrity sha512-DOYMrDm5E6/8bm/yQLCWyuDJwUnlevR8xtF8bs+gjZ7cyUNYXiSf/E8Kp0Ss5xasIaXSHzb888V1BE4i1hFhAA==
  optionalDependencies:
    "@img/sharp-libvips-linuxmusl-x64" "1.1.0"

"@img/sharp-wasm32@0.34.2":
  version "0.34.2"
  resolved "https://registry.npmjs.org/@img/sharp-wasm32/-/sharp-wasm32-0.34.2.tgz#b1dd0bab547dccf517586eb1fa5852160bba3b82"
  integrity sha512-/VI4mdlJ9zkaq53MbIG6rZY+QRN3MLbR6usYlgITEzi4Rpx5S6LFKsycOQjkOGmqTNmkIdLjEvooFKwww6OpdQ==
  dependencies:
    "@emnapi/runtime" "^1.4.3"

"@img/sharp-win32-arm64@0.34.2":
  version "0.34.2"
  resolved "https://registry.npmjs.org/@img/sharp-win32-arm64/-/sharp-win32-arm64-0.34.2.tgz#f37bee0f60c167f825a09d2b8de6849b823e8b30"
  integrity sha512-cfP/r9FdS63VA5k0xiqaNaEoGxBg9k7uE+RQGzuK9fHt7jib4zAVVseR9LsE4gJcNWgT6APKMNnCcnyOtmSEUQ==

"@img/sharp-win32-ia32@0.34.2":
  version "0.34.2"
  resolved "https://registry.npmjs.org/@img/sharp-win32-ia32/-/sharp-win32-ia32-0.34.2.tgz#8fc30b6655bc6ff8910344a2020d334aa6361672"
  integrity sha512-QLjGGvAbj0X/FXl8n1WbtQ6iVBpWU7JO94u/P2M4a8CFYsvQi4GW2mRy/JqkRx0qpBzaOdKJKw8uc930EX2AHw==

"@img/sharp-win32-x64@0.34.2":
  version "0.34.2"
  resolved "https://registry.npmjs.org/@img/sharp-win32-x64/-/sharp-win32-x64-0.34.2.tgz#ecf19250f8fe35de684aa2b0ec6f773b3447247b"
  integrity sha512-aUdT6zEYtDKCaxkofmmJDJYGCf0+pJg3eU9/oBuqvEeoB9dKI6ZLc/1iLJCTuJQDO4ptntAlkUmHgGjyuobZbw==

"@next/env@15.3.5":
  version "15.3.5"
  resolved "https://registry.npmjs.org/@next/env/-/env-15.3.5.tgz#1dd661b96c4730e999bb9f48a9b212dae6e290d5"
  integrity sha512-7g06v8BUVtN2njAX/r8gheoVffhiKFVt4nx74Tt6G4Hqw9HCLYQVx/GkH2qHvPtAHZaUNZ0VXAa0pQP6v1wk7g==

"@next/swc-darwin-arm64@15.3.5":
  version "15.3.5"
  resolved "https://registry.npmjs.org/@next/swc-darwin-arm64/-/swc-darwin-arm64-15.3.5.tgz#75606cb72e1659a23f15195dba760dc01b186c5d"
  integrity sha512-lM/8tilIsqBq+2nq9kbTW19vfwFve0NR7MxfkuSUbRSgXlMQoJYg+31+++XwKVSXk4uT23G2eF/7BRIKdn8t8w==

"@next/swc-darwin-x64@15.3.5":
  version "15.3.5"
  resolved "https://registry.npmjs.org/@next/swc-darwin-x64/-/swc-darwin-x64-15.3.5.tgz#78ffad7ef26685e5b8150891b467a4ecef94e179"
  integrity sha512-WhwegPQJ5IfoUNZUVsI9TRAlKpjGVK0tpJTL6KeiC4cux9774NYE9Wu/iCfIkL/5J8rPAkqZpG7n+EfiAfidXA==

"@next/swc-linux-arm64-gnu@15.3.5":
  version "15.3.5"
  resolved "https://registry.npmjs.org/@next/swc-linux-arm64-gnu/-/swc-linux-arm64-gnu-15.3.5.tgz#d9a405ceec729d62033dbdc48f8c331c544f09fd"
  integrity sha512-LVD6uMOZ7XePg3KWYdGuzuvVboxujGjbcuP2jsPAN3MnLdLoZUXKRc6ixxfs03RH7qBdEHCZjyLP/jBdCJVRJQ==

"@next/swc-linux-arm64-musl@15.3.5":
  version "15.3.5"
  resolved "https://registry.npmjs.org/@next/swc-linux-arm64-musl/-/swc-linux-arm64-musl-15.3.5.tgz#65f19ad3ecd2881381ec2a149afba261ba180dde"
  integrity sha512-k8aVScYZ++BnS2P69ClK7v4nOu702jcF9AIHKu6llhHEtBSmM2zkPGl9yoqbSU/657IIIb0QHpdxEr0iW9z53A==

"@next/swc-linux-x64-gnu@15.3.5":
  version "15.3.5"
  resolved "https://registry.npmjs.org/@next/swc-linux-x64-gnu/-/swc-linux-x64-gnu-15.3.5.tgz#cd7f7e002212360b99f7e791a2d2fedb352f2374"
  integrity sha512-2xYU0DI9DGN/bAHzVwADid22ba5d/xrbrQlr2U+/Q5WkFUzeL0TDR963BdrtLS/4bMmKZGptLeg6282H/S2i8A==

"@next/swc-linux-x64-musl@15.3.5":
  version "15.3.5"
  resolved "https://registry.npmjs.org/@next/swc-linux-x64-musl/-/swc-linux-x64-musl-15.3.5.tgz#302c9e4ace935c963d45fce9584754a19295c452"
  integrity sha512-TRYIqAGf1KCbuAB0gjhdn5Ytd8fV+wJSM2Nh2is/xEqR8PZHxfQuaiNhoF50XfY90sNpaRMaGhF6E+qjV1b9Tg==

"@next/swc-win32-arm64-msvc@15.3.5":
  version "15.3.5"
  resolved "https://registry.npmjs.org/@next/swc-win32-arm64-msvc/-/swc-win32-arm64-msvc-15.3.5.tgz#5bbe1434afa2360634d45fc7860a038d11e4e296"
  integrity sha512-h04/7iMEUSMY6fDGCvdanKqlO1qYvzNxntZlCzfE8i5P0uqzVQWQquU1TIhlz0VqGQGXLrFDuTJVONpqGqjGKQ==

"@next/swc-win32-x64-msvc@15.3.5":
  version "15.3.5"
  resolved "https://registry.npmjs.org/@next/swc-win32-x64-msvc/-/swc-win32-x64-msvc-15.3.5.tgz#9629b2eac3159c70f3449cecc2a29bfd4bcb2d5a"
  integrity sha512-5fhH6fccXxnX2KhllnGhkYMndhOiLOLEiVGYjP2nizqeGWkN10sA9taATlXwake2E2XMvYZjjz0Uj7T0y+z1yw==

"@swc/counter@0.1.3":
  version "0.1.3"
  resolved "https://registry.npmjs.org/@swc/counter/-/counter-0.1.3.tgz#cc7463bd02949611c6329596fccd2b0ec782b0e9"
  integrity sha512-e2BR4lsJkkRlKZ/qCHPw9ZaSxc0MVUd7gtbtaB7aMvHeJVYe8sOB8DBZkP2DtISHGSku9sCK6T6cnY0CtXrOCQ==

"@swc/helpers@0.5.15":
  version "0.5.15"
  resolved "https://registry.npmjs.org/@swc/helpers/-/helpers-0.5.15.tgz#79efab344c5819ecf83a43f3f9f811fc84b516d7"
  integrity sha512-JQ5TuMi45Owi4/BIMAJBoSQoOJu12oOk/gADqlcUL9JEdHB8vyjUSsxqeNXnmXHjYKMi2WcYtezGEEhqUI/E2g==
  dependencies:
    tslib "^2.8.0"

"@types/node@^24.0.12":
  version "24.0.12"
  resolved "https://registry.npmjs.org/@types/node/-/node-24.0.12.tgz#3cf8719572145cfecf4cf9d180d8e7f74a61af00"
  integrity sha512-LtOrbvDf5ndC9Xi+4QZjVL0woFymF/xSTKZKPgrrl7H7XoeDvnD+E2IclKVDyaK9UM756W/3BXqSU+JEHopA9g==
  dependencies:
    undici-types "~7.8.0"

busboy@1.6.0:
  version "1.6.0"
  resolved "https://registry.npmjs.org/busboy/-/busboy-1.6.0.tgz#966ea36a9502e43cdb9146962523b92f531f6893"
  integrity sha512-8SFQbg/0hQ9xy3UNTB0YEnsNBbWfhf7RtnzpL7TkBiTBRfrQ9Fxcnz7VJsleJpyp6rVLvXiuORqjlHi5q+PYuA==
  dependencies:
    streamsearch "^1.1.0"

caniuse-lite@^1.0.30001579:
  version "1.0.30001727"
  resolved "https://registry.npmjs.org/caniuse-lite/-/caniuse-lite-1.0.30001727.tgz#22e9706422ad37aa50556af8c10e40e2d93a8b85"
  integrity sha512-pB68nIHmbN6L/4C6MH1DokyR3bYqFwjaSs/sWDHGj4CTcFtQUQMuJftVwWkXq7mNWOybD3KhUv3oWHoGxgP14Q==

client-only@0.0.1:
  version "0.0.1"
  resolved "https://registry.npmjs.org/client-only/-/client-only-0.0.1.tgz#38bba5d403c41ab150bff64a95c85013cf73bca1"
  integrity sha512-IV3Ou0jSMzZrd3pZ48nLkT9DA7Ag1pnPzaiQhpW7c3RbcqqzvzzVu+L8gfqMp/8IM2MQtSiqaCxrrcfu8I8rMA==

color-convert@^2.0.1:
  version "2.0.1"
  resolved "https://registry.npmjs.org/color-convert/-/color-convert-2.0.1.tgz#72d3a68d598c9bdb3af2ad1e84f21d896abd4de3"
  integrity sha512-RRECPsj7iu/xb5oKYcsFHSppFNnsj/52OVTRKb4zP5onXwVF3zVmmToNcOfGC+CRDpfK/U584fMg38ZHCaElKQ==
  dependencies:
    color-name "~1.1.4"

color-name@^1.0.0, color-name@~1.1.4:
  version "1.1.4"
  resolved "https://registry.npmjs.org/color-name/-/color-name-1.1.4.tgz#c2a09a87acbde69543de6f63fa3995c826c536a2"
  integrity sha512-dOy+3AuW3a2wNbZHIuMZpTcgjGuLU/uBL/ubcZF9OXbDo8ff4O8yVp5Bf0efS8uEoYo5q4Fx7dY9OgQGXgAsQA==

color-string@^1.9.0:
  version "1.9.1"
  resolved "https://registry.npmjs.org/color-string/-/color-string-1.9.1.tgz#4467f9146f036f855b764dfb5bf8582bf342c7a4"
  integrity sha512-shrVawQFojnZv6xM40anx4CkoDP+fZsw/ZerEMsW/pyzsRbElpsL/DBVW7q3ExxwusdNXI3lXpuhEZkzs8p5Eg==
  dependencies:
    color-name "^1.0.0"
    simple-swizzle "^0.2.2"

color@^4.2.3:
  version "4.2.3"
  resolved "https://registry.npmjs.org/color/-/color-4.2.3.tgz#d781ecb5e57224ee43ea9627560107c0e0c6463a"
  integrity sha512-1rXeuUUiGGrykh+CeBdu5Ie7OJwinCgQY0bc7GCRxy5xVHy+moaqkpL/jqQq0MtQOeYcrqEz4abc5f0KtU7W4A==
  dependencies:
    color-convert "^2.0.1"
    color-string "^1.9.0"

detect-libc@^2.0.4:
  version "2.0.4"
  resolved "https://registry.npmjs.org/detect-libc/-/detect-libc-2.0.4.tgz#f04715b8ba815e53b4d8109655b6508a6865a7e8"
  integrity sha512-3UDv+G9CsCKO1WKMGw9fwq/SWJYbI0c5Y7LU1AXYoDdbhE2AHQ6N6Nb34sG8Fj7T5APy8qXDCKuuIHd1BR0tVA==

is-arrayish@^0.3.1:
  version "0.3.2"
  resolved "https://registry.npmjs.org/is-arrayish/-/is-arrayish-0.3.2.tgz#4574a2ae56f7ab206896fb431eaeed066fdf8f03"
  integrity sha512-eVRqCvVlZbuw3GrM63ovNSNAeA1K16kaR/LRY/92w0zxQ5/1YzwblUX652i4Xs9RwAGjW9d9y6X88t8OaAJfWQ==

nanoid@^3.3.6:
  version "3.3.11"
  resolved "https://registry.npmjs.org/nanoid/-/nanoid-3.3.11.tgz#4f4f112cefbe303202f2199838128936266d185b"
  integrity sha512-N8SpfPUnUp1bK+PMYW8qSWdl9U+wwNWI4QKxOYDy9JAro3WMX7p2OeVRF9v+347pnakNevPmiHhNmZ2HbFA76w==

next@^15.0.0:
  version "15.3.5"
  resolved "https://registry.npmjs.org/next/-/next-15.3.5.tgz#9e892c1ed87954229d53194452b9d39429af8bf5"
  integrity sha512-RkazLBMMDJSJ4XZQ81kolSpwiCt907l0xcgcpF4xC2Vml6QVcPNXW0NQRwQ80FFtSn7UM52XN0anaw8TEJXaiw==
  dependencies:
    "@next/env" "15.3.5"
    "@swc/counter" "0.1.3"
    "@swc/helpers" "0.5.15"
    busboy "1.6.0"
    caniuse-lite "^1.0.30001579"
    postcss "8.4.31"
    styled-jsx "5.1.6"
  optionalDependencies:
    "@next/swc-darwin-arm64" "15.3.5"
    "@next/swc-darwin-x64" "15.3.5"
    "@next/swc-linux-arm64-gnu" "15.3.5"
    "@next/swc-linux-arm64-musl" "15.3.5"
    "@next/swc-linux-x64-gnu" "15.3.5"
    "@next/swc-linux-x64-musl" "15.3.5"
    "@next/swc-win32-arm64-msvc" "15.3.5"
    "@next/swc-win32-x64-msvc" "15.3.5"
    sharp "^0.34.1"

picocolors@^1.0.0:
  version "1.1.1"
  resolved "https://registry.npmjs.org/picocolors/-/picocolors-1.1.1.tgz#3d321af3eab939b083c8f929a1d12cda81c26b6b"
  integrity sha512-xceH2snhtb5M9liqDsmEw56le376mTZkEX/jEb/RxNFyegNul7eNslCXP9FDj/Lcu0X8KEyMceP2ntpaHrDEVA==

postcss@8.4.31:
  version "8.4.31"
  resolved "https://registry.npmjs.org/postcss/-/postcss-8.4.31.tgz#92b451050a9f914da6755af352bdc0192508656d"
  integrity sha512-PS08Iboia9mts/2ygV3eLpY5ghnUcfLV/EXTOW1E2qYxJKGGBUtNjN76FYHnMs36RmARn41bC0AZmn+rR0OVpQ==
  dependencies:
    nanoid "^3.3.6"
    picocolors "^1.0.0"
    source-map-js "^1.0.2"

semver@^7.7.2:
  version "7.7.2"
  resolved "https://registry.npmjs.org/semver/-/semver-7.7.2.tgz#67d99fdcd35cec21e6f8b87a7fd515a33f982b58"
  integrity sha512-RF0Fw+rO5AMf9MAyaRXI4AV0Ulj5lMHqVxxdSgiVbixSCXoEmmX/jk0CuJw4+3SqroYO9VoUh+HcuJivvtJemA==

sharp@^0.34.1:
  version "0.34.2"
  resolved "https://registry.npmjs.org/sharp/-/sharp-0.34.2.tgz#648bd639854dbe48047b0b420213c186d036b32d"
  integrity sha512-lszvBmB9QURERtyKT2bNmsgxXK0ShJrL/fvqlonCo7e6xBF8nT8xU6pW+PMIbLsz0RxQk3rgH9kd8UmvOzlMJg==
  dependencies:
    color "^4.2.3"
    detect-libc "^2.0.4"
    semver "^7.7.2"
  optionalDependencies:
    "@img/sharp-darwin-arm64" "0.34.2"
    "@img/sharp-darwin-x64" "0.34.2"
    "@img/sharp-libvips-darwin-arm64" "1.1.0"
    "@img/sharp-libvips-darwin-x64" "1.1.0"
    "@img/sharp-libvips-linux-arm" "1.1.0"
    "@img/sharp-libvips-linux-arm64" "1.1.0"
    "@img/sharp-libvips-linux-ppc64" "1.1.0"
    "@img/sharp-libvips-linux-s390x" "1.1.0"
    "@img/sharp-libvips-linux-x64" "1.1.0"
    "@img/sharp-libvips-linuxmusl-arm64" "1.1.0"
    "@img/sharp-libvips-linuxmusl-x64" "1.1.0"
    "@img/sharp-linux-arm" "0.34.2"
    "@img/sharp-linux-arm64" "0.34.2"
    "@img/sharp-linux-s390x" "0.34.2"
    "@img/sharp-linux-x64" "0.34.2"
    "@img/sharp-linuxmusl-arm64" "0.34.2"
    "@img/sharp-linuxmusl-x64" "0.34.2"
    "@img/sharp-wasm32" "0.34.2"
    "@img/sharp-win32-arm64" "0.34.2"
    "@img/sharp-win32-ia32" "0.34.2"
    "@img/sharp-win32-x64" "0.34.2"

simple-swizzle@^0.2.2:
  version "0.2.2"
  resolved "https://registry.npmjs.org/simple-swizzle/-/simple-swizzle-0.2.2.tgz#a4da6b635ffcccca33f70d17cb92592de95e557a"
  integrity sha512-JA//kQgZtbuY83m+xT+tXJkmJncGMTFT+C+g2h2R9uxkYIrE2yy9sgmcLhCnw57/WSD+Eh3J97FPEDFnbXnDUg==
  dependencies:
    is-arrayish "^0.3.1"

source-map-js@^1.0.2:
  version "1.2.1"
  resolved "https://registry.npmjs.org/source-map-js/-/source-map-js-1.2.1.tgz#1ce5650fddd87abc099eda37dcff024c2667ae46"
  integrity sha512-UXWMKhLOwVKb728IUtQPXxfYU+usdybtUrK/8uGE8CQMvrhOpwvzDBwj0QhSL7MQc7vIsISBG8VQ8+IDQxpfQA==

streamsearch@^1.1.0:
  version "1.1.0"
  resolved "https://registry.npmjs.org/streamsearch/-/streamsearch-1.1.0.tgz#404dd1e2247ca94af554e841a8ef0eaa238da764"
  integrity sha512-Mcc5wHehp9aXz1ax6bZUyY5afg9u2rv5cqQI3mRrYkGC8rW2hM02jWuwjtL++LS5qinSyhj2QfLyNsuc+VsExg==

styled-jsx@5.1.6:
  version "5.1.6"
  resolved "https://registry.npmjs.org/styled-jsx/-/styled-jsx-5.1.6.tgz#83b90c077e6c6a80f7f5e8781d0f311b2fe41499"
  integrity sha512-qSVyDTeMotdvQYoHWLNGwRFJHC+i+ZvdBRYosOFgC+Wg1vx4frN2/RG/NA7SYqqvKNLf39P2LSRA2pu6n0XYZA==
  dependencies:
    client-only "0.0.1"

tslib@^2.4.0, tslib@^2.8.0:
  version "2.8.1"
  resolved "https://registry.npmjs.org/tslib/-/tslib-2.8.1.tgz#612efe4ed235d567e8aba5f2a5fab70280ade83f"
  integrity sha512-oJFu94HQb+KVduSUQL7wnpmqnfmLsOA/nAh6b6EH0wCEoK0/mPeXU6c3wKDV83MkOuHPRHtSXKKU99IBazS/2w==

typescript@^5.8.3:
  version "5.8.3"
  resolved "https://registry.npmjs.org/typescript/-/typescript-5.8.3.tgz#92f8a3e5e3cf497356f4178c34cd65a7f5e8440e"
  integrity sha512-p1diW6TqL9L07nNxvRMM7hMMw4c5XOo/1ibL4aAIGmSAt9slTE1Xgw5KWuof2uTOvCg9BY7ZRi+GaF+7sfgPeQ==

undici-types@~7.8.0:
  version "7.8.0"
  resolved "https://registry.npmjs.org/undici-types/-/undici-types-7.8.0.tgz#de00b85b710c54122e44fbfd911f8d70174cd294"
  integrity sha512-9UJ2xGDvQ43tYyVMpuHlsgApydB8ZKfVYTsLDhXkFL/6gfkp+U8xTGdh8pMJv1SpZna0zxG1DwsKZsreLbXBxw==
